
Microsoft Visual Studio Solution File, Format Version 12.00
# Visual Studio Version 16
VisualStudioVersion = 16.0.31613.86
MinimumVisualStudioVersion = 10.0.40219.1
Project("{FAE04EC0-301F-11D3-BF4B-00C04F79EFBC}") = "Netbanking.RemessaArquivo.API", "Netbanking.RemessaArquivo.API\Netbanking.RemessaArquivo.API.csproj", "{FBBF04C7-489B-4982-BD1E-137410F95B6B}"
EndProject
Global
	GlobalSection(SolutionConfigurationPlatforms) = preSolution
		Debug|Any CPU = Debug|Any CPU
		Release|Any CPU = Release|Any CPU
	EndGlobalSection
	GlobalSection(ProjectConfigurationPlatforms) = postSolution
		{FBBF04C7-489B-4982-BD1E-137410F95B6B}.Debug|Any CPU.ActiveCfg = Debug|Any CPU
		{FBBF04C7-489B-4982-BD1E-137410F95B6B}.Debug|Any CPU.Build.0 = Debug|Any CPU
		{FBBF04C7-489B-4982-BD1E-137410F95B6B}.Release|Any CPU.ActiveCfg = Release|Any CPU
		{FBBF04C7-489B-4982-BD1E-137410F95B6B}.Release|Any CPU.Build.0 = Release|Any CPU
	EndGlobalSection
	GlobalSection(SolutionProperties) = preSolution
		HideSolutionNode = FALSE
	EndGlobalSection
	GlobalSection(ExtensibilityGlobals) = postSolution
		SolutionGuid = {3DAA7D42-5C69-49F0-B2D2-31899C2063A6}
	EndGlobalSection
EndGlobal
